{
    "_meta": {
        "hash": {
            "sha256": "0c45626907b76fcbf138742aacd9721883f490666ddcf27fddbc8b88b5f82ff7"
        },
        "pipfile-spec": 6,
        "requires": {
            "python_version": "3.7"
        },
        "sources": [
            {
                "name": "pypi",
                "url": "https://pypi.org/simple",
                "verify_ssl": true
            }
        ]
    },
    "default": {
        "astroid": {
            "hashes": [
                "sha256:0e361da0744d5011d4f5d57e64473ba9b7ab4da1e2d45d6631ebd67dd28c3cce",
                "sha256:f9d66e3a4a0e5b52819b2ff41ac2b179df9d180697db71c92beb33a60c661794"
            ],
            "markers": "python_version ~= '3.6'",
            "version": "==2.8.3"
        },
        "autopep8": {
            "hashes": [
                "sha256:4d8eec30cc81bc5617dbf1218201d770dc35629363547f17577c61683ccfb3ee"
            ],
            "index": "pypi",
            "version": "==1.4.4"
        },
        "babel": {
            "hashes": [
                "sha256:ab49e12b91d937cd11f0b67cb259a57ab4ad2b59ac7a3b41d6c06c0ac5b0def9",
                "sha256:bc0c176f9f6a994582230df350aa6e05ba2ebe4b3ac317eab29d9be5d2768da0"
            ],
            "index": "pypi",
            "version": "==2.9.1"
        },
        "chardet": {
            "hashes": [
                "sha256:0d6f53a15db4120f2b08c94f11e7d93d2c911ee118b6b30a04ec3ee8310179fa",
                "sha256:f864054d66fd9118f2e67044ac8981a54775ec5b67aed0441892edb553d21da5"
            ],
            "markers": "python_version >= '2.7' and python_version not in '3.0, 3.1, 3.2, 3.3, 3.4'",
            "version": "==4.0.0"
        },
        "django": {
            "hashes": [
                "sha256:16a5d54411599780ac9dfe3b9b38f90f785c51259a584e0b24b6f14a7f69aae8",
                "sha256:9a2f98211ab474c710fcdad29c82f30fc14ce9917c7a70c3682162a624de4035"
            ],
            "index": "pypi",
            "version": "==2.2.4"
        },
        "django-phonenumber-field": {
            "hashes": [
                "sha256:1ab19f723928582fed412bd9844221fa4ff466276d8526b8b4a9913ee1487c5e",
                "sha256:794ebbc3068a7af75aa72a80cb0cec67e714ff8409a965968040f1fd210b2d97"
            ],
            "index": "pypi",
            "version": "==3.0.1"
        },
        "doc8": {
            "hashes": [
                "sha256:2df89f9c1a5abfb98ab55d0175fed633cae0cf45025b8b1e0ee5ea772be28543",
                "sha256:d12f08aa77a4a65eb28752f4bc78f41f611f9412c4155e2b03f1f5d4a45efe04"
            ],
            "index": "pypi",
            "version": "==0.8.0"
        },
        "docutils": {
            "hashes": [
                "sha256:6c4f696463b79f1fb8ba0c594b63840ebd41f059e92b31957c46b74a4599b6d0",
                "sha256:9e4d7ecfc600058e07ba661411a2b7de2fd0fafa17d1a7f7361cd47b1175c827",
                "sha256:a2aeea129088da402665e92e0b25b04b073c04b2dce4ab65caaa38b7ce2e1a99"
            ],
            "index": "pypi",
            "version": "==0.15.2"
        },
        "gunicorn": {
            "hashes": [
                "sha256:aa8e0b40b4157b36a5df5e599f45c9c76d6af43845ba3b3b0efe2c70473c2471",
                "sha256:fa2662097c66f920f53f70621c6c58ca4a3c4d3434205e608e121b5b3b71f4f3"
            ],
            "index": "pypi",
            "version": "==19.9.0"
        },
        "importlib-metadata": {
            "hashes": [
                "sha256:b618b6d2d5ffa2f16add5697cf57a46c76a56229b0ed1c438322e4e95645bd15",
                "sha256:f284b3e11256ad1e5d03ab86bb2ccd6f5339688ff17a4d797a0fe7df326f23b1"
            ],
            "markers": "python_version < '3.8'",
            "version": "==4.8.1"
        },
        "isort": {
            "hashes": [
                "sha256:54da7e92468955c4fceacd0c86bd0ec997b0e1ee80d97f67c35a78b719dccab1",
                "sha256:6e811fcb295968434526407adb8796944f1988c5b65e8139058f2014cbe100fd"
            ],
            "markers": "python_version >= '2.7' and python_version not in '3.0, 3.1, 3.2, 3.3'",
            "version": "==4.3.21"
        },
        "lazy-object-proxy": {
            "hashes": [
                "sha256:17e0967ba374fc24141738c69736da90e94419338fd4c7c7bef01ee26b339653",
                "sha256:1fee665d2638491f4d6e55bd483e15ef21f6c8c2095f235fef72601021e64f61",
                "sha256:22ddd618cefe54305df49e4c069fa65715be4ad0e78e8d252a33debf00f6ede2",
                "sha256:24a5045889cc2729033b3e604d496c2b6f588c754f7a62027ad4437a7ecc4837",
                "sha256:410283732af311b51b837894fa2f24f2c0039aa7f220135192b38fcc42bd43d3",
                "sha256:4732c765372bd78a2d6b2150a6e99d00a78ec963375f236979c0626b97ed8e43",
                "sha256:489000d368377571c6f982fba6497f2aa13c6d1facc40660963da62f5c379726",
                "sha256:4f60460e9f1eb632584c9685bccea152f4ac2130e299784dbaf9fae9f49891b3",
                "sha256:5743a5ab42ae40caa8421b320ebf3a998f89c85cdc8376d6b2e00bd12bd1b587",
                "sha256:85fb7608121fd5621cc4377a8961d0b32ccf84a7285b4f1d21988b2eae2868e8",
                "sha256:9698110e36e2df951c7c36b6729e96429c9c32b3331989ef19976592c5f3c77a",
                "sha256:9d397bf41caad3f489e10774667310d73cb9c4258e9aed94b9ec734b34b495fd",
                "sha256:b579f8acbf2bdd9ea200b1d5dea36abd93cabf56cf626ab9c744a432e15c815f",
                "sha256:b865b01a2e7f96db0c5d12cfea590f98d8c5ba64ad222300d93ce6ff9138bcad",
                "sha256:bf34e368e8dd976423396555078def5cfc3039ebc6fc06d1ae2c5a65eebbcde4",
                "sha256:c6938967f8528b3668622a9ed3b31d145fab161a32f5891ea7b84f6b790be05b",
                "sha256:d1c2676e3d840852a2de7c7d5d76407c772927addff8d742b9808fe0afccebdf",
                "sha256:d7124f52f3bd259f510651450e18e0fd081ed82f3c08541dffc7b94b883aa981",
                "sha256:d900d949b707778696fdf01036f58c9876a0d8bfe116e8d220cfd4b15f14e741",
                "sha256:ebfd274dcd5133e0afae738e6d9da4323c3eb021b3e13052d8cbd0e457b1256e",
                "sha256:ed361bb83436f117f9917d282a456f9e5009ea12fd6de8742d1a4752c3017e93",
                "sha256:f5144c75445ae3ca2057faac03fda5a902eff196702b0a24daf1d6ce0650514b"
            ],
            "markers": "python_version >= '2.7' and python_version not in '3.0, 3.1, 3.2, 3.3, 3.4, 3.5'",
            "version": "==1.6.0"
        },
        "mccabe": {
            "hashes": [
                "sha256:ab8a6258860da4b6677da4bd2fe5dc2c659cff31b3ee4f7f5d64e79735b80d42",
                "sha256:dd8d182285a0fe56bace7f45b5e7d1a6ebcbf524e8f3bd87eb0f125271b8831f"
            ],
            "version": "==0.6.1"
        },
        "pbr": {
            "hashes": [
                "sha256:42df03e7797b796625b1029c0400279c7c34fd7df24a7d7818a1abb5b38710dd",
                "sha256:c68c661ac5cc81058ac94247278eeda6d2e6aecb3e227b0387c30d277e7ef8d4"
            ],
            "markers": "python_version >= '2.6'",
            "version": "==5.6.0"
        },
        "phonenumbers": {
            "hashes": [
                "sha256:b913023be4f99a210038efd3cef5212b3d11fdf7829a0b75a0031cff3eae2d9e",
                "sha256:e9752dda6abb076d528d954d16c8bc7f8682df6f42c837862d0dea88c7667908"
            ],
            "index": "pypi",
            "version": "==8.10.17"
        },
        "pillow": {
            "hashes": [
                "sha256:0804f77cb1e9b6dbd37601cee11283bba39a8d44b9ddb053400c58e0c0d7d9de",
                "sha256:0ab7c5b5d04691bcbd570658667dd1e21ca311c62dcfd315ad2255b1cd37f64f",
                "sha256:0b3e6cf3ea1f8cecd625f1420b931c83ce74f00c29a0ff1ce4385f99900ac7c4",
                "sha256:0c6ce6ae03a50b0306a683696234b8bc88c5b292d4181ae365b89bd90250ab08",
                "sha256:1454ee7297a81c8308ad61d74c849486efa1badc543453c4b90db0bf99decc1c",
                "sha256:23efd7f83f2ad6036e2b9ef27a46df7e333de1ad9087d341d87e12225d0142b2",
                "sha256:365c06a45712cd723ec16fa4ceb32ce46ad201eb7bbf6d3c16b063c72b61a3ed",
                "sha256:38301fbc0af865baa4752ddae1bb3cbb24b3d8f221bf2850aad96b243306fa03",
                "sha256:3aef1af1a91798536bbab35d70d35750bd2884f0832c88aeb2499aa2d1ed4992",
                "sha256:3c86051d41d1c8b28b9dde08ac93e73aa842991995b12771b0af28da49086bbf",
                "sha256:3fe0ab49537d9330c9bba7f16a5f8b02da615b5c809cdf7124f356a0f182eccd",
                "sha256:406c856e0f6fc330322a319457d9ff6162834050cda2cf1eaaaea4b771d01914",
                "sha256:45a619d5c1915957449264c81c008934452e3fd3604e36809212300b2a4dab68",
                "sha256:49f90f147883a0c3778fd29d3eb169d56416f25758d0f66775db9184debc8010",
                "sha256:504f5334bfd974490a86fef3e3b494cd3c332a8a680d2f258ca03388b40ae230",
                "sha256:51fe9cfcd32c849c6f36ca293648f279fc5097ca8dd6e518b10df3a6a9a13431",
                "sha256:571b5a758baf1cb6a04233fb23d6cf1ca60b31f9f641b1700bfaab1194020555",
                "sha256:5ac381e8b1259925287ccc5a87d9cf6322a2dc88ae28a97fe3e196385288413f",
                "sha256:6052a9e9af4a9a2cc01da4bbee81d42d33feca2bde247c4916d8274b12bb31a4",
                "sha256:6153db744a743c0c8c91b8e3b9d40e0b13a5d31dbf8a12748c6d9bfd3ddc01ad",
                "sha256:6fd63afd14a16f5d6b408f623cc2142917a1f92855f0df997e09a49f0341be8a",
                "sha256:70acbcaba2a638923c2d337e0edea210505708d7859b87c2bd81e8f9902ae826",
                "sha256:70b1594d56ed32d56ed21a7fbb2a5c6fd7446cdb7b21e749c9791eac3a64d9e4",
                "sha256:76638865c83b1bb33bcac2a61ce4d13c17dba2204969dedb9ab60ef62bede686",
                "sha256:7b2ec162c87fc496aa568258ac88631a2ce0acfe681a9af40842fc55deaedc99",
                "sha256:7b403ea842b70c4fa0a4969a5d8d86e932c941095b7cda077ea68f7b98ead30b",
                "sha256:7be698a28175eae5354da94f5f3dc787d5efae6aca7ad1f286a781afde6a27dd",
                "sha256:7cee2cef07c8d76894ebefc54e4bb707dfc7f258ad155bd61d87f6cd487a70ff",
                "sha256:7d16d4498f8b374fc625c4037742fbdd7f9ac383fd50b06f4df00c81ef60e829",
                "sha256:82840783842b27933cc6388800cb547f31caf436f7e23384d456bdf5fc8dfe49",
                "sha256:8755e600b33f4e8c76a590b42acc35d24f4dc801a5868519ce569b9462d77598",
                "sha256:9159285ab4030c6f85e001468cb5886de05e6bd9304e9e7d46b983f7d2fad0cc",
                "sha256:b50bc1780681b127e28f0075dfb81d6135c3a293e0c1d0211133c75e2179b6c0",
                "sha256:b5aa19f1da16b4f5e47b6930053f08cba77ceccaed68748061b0ec24860e510c",
                "sha256:bd0582f831ad5bcad6ca001deba4568573a4675437db17c4031939156ff339fa",
                "sha256:cdd53acd3afb9878a2289a1b55807871f9877c81174ae0d3763e52f907131d25",
                "sha256:cfd40d8a4b59f7567620410f966bb1f32dc555b2b19f82a91b147fac296f645c",
                "sha256:e150c5aed6e67321edc6893faa6701581ca2d393472f39142a00e551bcd249a5",
                "sha256:e3ae410089de680e8f84c68b755b42bc42c0ceb8c03dbea88a5099747091d38e",
                "sha256:e403b37c6a253ebca5d0f2e5624643997aaae529dc96299162418ef54e29eb70",
                "sha256:e9046e559c299b395b39ac7dbf16005308821c2f24a63cae2ab173bd6aa11616",
                "sha256:ef6be704ae2bc8ad0ebc5cb850ee9139493b0fc4e81abcc240fb392a63ebc808",
                "sha256:f8dc19d92896558f9c4317ee365729ead9d7bbcf2052a9a19a3ef17abbb8ac5b"
            ],
            "index": "pypi",
            "version": "==6.1.0"
        },
        "pycodestyle": {
            "hashes": [
                "sha256:720f8b39dde8b293825e7ff02c475f3077124006db4f440dcbc9a20b76548a20",
                "sha256:eddd5847ef438ea1c7870ca7eb78a9d47ce0cdb4851a5523949f2601d0cbbe7f"
            ],
            "markers": "python_version >= '2.7' and python_version not in '3.0, 3.1, 3.2, 3.3, 3.4'",
            "version": "==2.8.0"
        },
        "pygments": {
            "hashes": [
                "sha256:71e430bc85c88a430f000ac1d9b331d2407f681d6f6aec95e8bcfbc3df5b0127",
                "sha256:881c4c157e45f30af185c1ffe8d549d48ac9127433f2c380c24b84572ad66297"
            ],
            "index": "pypi",
            "version": "==2.4.2"
        },
        "pylint": {
            "hashes": [
                "sha256:5d77031694a5fb97ea95e828c8d10fc770a1df6eb3906067aaed42201a8a6a09",
                "sha256:723e3db49555abaf9bf79dc474c6b9e2935ad82230b10c1138a71ea41ac0fff1"
            ],
            "index": "pypi",
            "version": "==2.3.1"
        },
        "pytz": {
            "hashes": [
                "sha256:3672058bc3453457b622aab7a1c3bfd5ab0bdae451512f6cf25f64ed37f5b87c",
                "sha256:acad2d8b20a1af07d4e4c9d2e9285c5ed9104354062f275f3fcd88dcef4f1326"
            ],
            "version": "==2021.3"
        },
        "restructuredtext-lint": {
            "hashes": [
                "sha256:d3b10a1fe2ecac537e51ae6d151b223b78de9fafdd50e5eb6b08c243df173c80"
            ],
            "version": "==1.3.2"
        },
        "six": {
            "hashes": [
                "sha256:1e61c37477a1626458e36f7b1d82aa5c9b094fa4802892072e49de9c60c4c926",
                "sha256:8abb2f1d86890a2dfb989f9a77cfcfd3e47c2a354b01111771326f8aa26e0254"
            ],
            "markers": "python_version >= '2.7' and python_version not in '3.0, 3.1, 3.2, 3.3'",
            "version": "==1.16.0"
        },
        "sqlparse": {
            "hashes": [
                "sha256:0c00730c74263a94e5a9919ade150dfc3b19c574389985446148402998287dae",
                "sha256:48719e356bb8b42991bdbb1e8b83223757b93789c00910a616a071910ca4a64d"
            ],
            "markers": "python_version >= '3.5'",
            "version": "==0.4.2"
        },
        "stevedore": {
            "hashes": [
                "sha256:a547de73308fd7e90075bb4d301405bebf705292fa90a90fc3bcf9133f58616c",
                "sha256:f40253887d8712eaa2bb0ea3830374416736dc8ec0e22f5a65092c1174c44335"
            ],
            "markers": "python_version >= '3.6'",
            "version": "==3.5.0"
        },
        "typed-ast": {
            "hashes": [
                "sha256:01ae5f73431d21eead5015997ab41afa53aa1fbe252f9da060be5dad2c730ace",
                "sha256:067a74454df670dcaa4e59349a2e5c81e567d8d65458d480a5b3dfecec08c5ff",
                "sha256:0fb71b8c643187d7492c1f8352f2c15b4c4af3f6338f21681d3681b3dc31a266",
                "sha256:1b3ead4a96c9101bef08f9f7d1217c096f31667617b58de957f690c92378b528",
                "sha256:2068531575a125b87a41802130fa7e29f26c09a2833fea68d9a40cf33902eba6",
                "sha256:209596a4ec71d990d71d5e0d312ac935d86930e6eecff6ccc7007fe54d703808",
                "sha256:2c726c276d09fc5c414693a2de063f521052d9ea7c240ce553316f70656c84d4",
                "sha256:398e44cd480f4d2b7ee8d98385ca104e35c81525dd98c519acff1b79bdaac363",
                "sha256:52b1eb8c83f178ab787f3a4283f68258525f8d70f778a2f6dd54d3b5e5fb4341",
                "sha256:5feca99c17af94057417d744607b82dd0a664fd5e4ca98061480fd8b14b18d04",
                "sha256:7538e495704e2ccda9b234b82423a4038f324f3a10c43bc088a1636180f11a41",
                "sha256:760ad187b1041a154f0e4d0f6aae3e40fdb51d6de16e5c99aedadd9246450e9e",
                "sha256:777a26c84bea6cd934422ac2e3b78863a37017618b6e5c08f92ef69853e765d3",
                "sha256:95431a26309a21874005845c21118c83991c63ea800dd44843e42a916aec5899",
                "sha256:9ad2c92ec681e02baf81fdfa056fe0d818645efa9af1f1cd5fd6f1bd2bdfd805",
                "sha256:9c6d1a54552b5330bc657b7ef0eae25d00ba7ffe85d9ea8ae6540d2197a3788c",
                "sha256:aee0c1256be6c07bd3e1263ff920c325b59849dc95392a05f258bb9b259cf39c",
                "sha256:af3d4a73793725138d6b334d9d247ce7e5f084d96284ed23f22ee626a7b88e39",
                "sha256:b36b4f3920103a25e1d5d024d155c504080959582b928e91cb608a65c3a49e1a",
                "sha256:b9574c6f03f685070d859e75c7f9eeca02d6933273b5e69572e5ff9d5e3931c3",
                "sha256:bff6ad71c81b3bba8fa35f0f1921fb24ff4476235a6e94a26ada2e54370e6da7",
                "sha256:c190f0899e9f9f8b6b7863debfb739abcb21a5c054f911ca3596d12b8a4c4c7f",
                "sha256:c907f561b1e83e93fad565bac5ba9c22d96a54e7ea0267c708bffe863cbe4075",
                "sha256:cae53c389825d3b46fb37538441f75d6aecc4174f615d048321b716df2757fb0",
                "sha256:dd4a21253f42b8d2b48410cb31fe501d32f8b9fbeb1f55063ad102fe9c425e40",
                "sha256:dde816ca9dac1d9c01dd504ea5967821606f02e510438120091b84e852367428",
                "sha256:f2362f3cb0f3172c42938946dbc5b7843c2a28aec307c49100c8b38764eb6927",
                "sha256:f328adcfebed9f11301eaedfa48e15bdece9b519fb27e6a8c01aa52a17ec31b3",
                "sha256:f8afcf15cc511ada719a88e013cec87c11aff7b91f019295eb4530f96fe5ef2f",
                "sha256:fb1bbeac803adea29cedd70781399c99138358c26d05fcbd23c13016b7f5ec65"
            ],
            "markers": "python_version < '3.8' and implementation_name == 'cpython'",
            "version": "==1.4.3"
        },
        "typing-extensions": {
            "hashes": [
                "sha256:49f75d16ff11f1cd258e1b988ccff82a3ca5570217d7ad8c5f48205dd99a677e",
                "sha256:d8226d10bc02a29bcc81df19a26e56a9647f8b0a6d4a83924139f4a8b01f17b7",
                "sha256:f1d25edafde516b146ecd0613dabcc61409817af4766fbbcfb8d1ad4ec441a34"
            ],
            "markers": "python_version < '3.10'",
            "version": "==3.10.0.2"
        },
        "whitenoise": {
            "hashes": [
                "sha256:59d880d25d0e90bcc6554fe0504a11195bd2e59b3d690b6fb42a8040d4e67ef5",
                "sha256:c9b7c47fdc1dba4d37bf2787a01a844dc7a521e174fcd22a2d429e0be65e1782"
            ],
            "index": "pypi",
            "version": "==4.1.3"
        },
        "wrapt": {
            "hashes": [
                "sha256:08d875215b1e7301e8440898739156ba4111fe964d1ee66670e6b4e5897e559f",
                "sha256:0a6dcb3f6efef1d9db5fd1815f1c99c1ccb14899fa7c2a51a93b91f6c7242c76",
                "sha256:0e77361c7274185f08f3c269f0674d9291264b7e102d258ba63d84260d9625e6",
                "sha256:105780f9fe2bcca1d7d7b04fcad469efcfe11b44e0d2d6cdc2b5c92868b91174",
                "sha256:14a594ad8e4fcf1a1d12e62f7d469b614cf25ee14e00ef7c0c19d1c714a2743f",
                "sha256:15d7c5a6b25350186353596df06f45cb119083c1b4ee756feaa1263943905986",
                "sha256:2198ba8c9fbf7dc8fa5f2335a0753e056dfb3fec7784ad8eafc1d4d813439129",
                "sha256:26049122366c804924f1bfb1f5143f827db51a365fed45f08cdce2fb03bc9f52",
                "sha256:27bb175495d94df321a7689e2d2b3ff4e38343c75082cfd7b2ba76c2075181b5",
                "sha256:3474621afbe7fedf8f6dc4bc634865d8ed3d1892d130e645a18f52b163d8e418",
                "sha256:3a2be30d10e5a6d8d4c69744ce151a525a71d11f56970bfb3a3b1cca187bec33",
                "sha256:4e1ca5a3c5c90ca35b00b6e889ef0272ac18e857d761905e18f61b2d20524cd8",
                "sha256:5323ffe37d5a08066fe7baf95f77cf0ef3cbb619738c024b1bf1210a59b4ece0",
                "sha256:5c2c4e1a85d77156bb2f612e3a4fe5ff7d04ac1e99f24f38d829a4cbbc2a9bf1",
                "sha256:5d504a4a3bfaeec9d3c01fd79c2c9bc36a23fbc127e31d771cfa9ed32cc1ac25",
                "sha256:5ebf99d7aa491694146e077f8a203a07847fb69d2888366af8dcfa3e763dabc7",
                "sha256:6926c940804894b3654f0bd58125879ff8af207640845330e4d4fd4dfc251483",
                "sha256:6abdccaf86d4fb58184b3d4b20411ab007a2d13dd0fdb1c49630296c134de749",
                "sha256:7534f231e7096453854601ce918b325c43a14c4dc3283e3d4ec98e0251960582",
                "sha256:7b8a10200af13cbca4716fbef8676871f7c6a66acfb2363e368beed007f045b1",
                "sha256:7ca857f41b642e0bfa02f467abb4c89049ce0747c02a2d172307cd2c0d97f33a",
                "sha256:7cb22538701581294c79924ac7eb8423b0efd794705f6434730aeb9099faa053",
                "sha256:8c2cca64a546aa3961ed21faf46aef3b3ca7d5271cae54724c93b6b72c9e5fce",
                "sha256:8cceb316d73889a6b55ba5eee1e77b137b7b66cf576e58c2bfc6803baddf6eab",
                "sha256:8d6b24310a59bde0dc47cec8fa368751730b074e8b05d7c44b61e2fdc09f00ac",
                "sha256:8e8adde54c237fe2c1aadf180d9fc019229f605ea97548b279b59a794fc30b3a",
                "sha256:96cbfdd1ead8898c583b6f5032f7ef6a8f6bb4092850b93beeb03d0ed3212740",
                "sha256:aa821c20d4afc85d4fe09d3f7b5c56878560c990ea9efb38bcc93dda8c7f5b9a",
                "sha256:ad40a7d17e02e54a76deacc30aa4b00760a93ac77f5255fab87f7386185c4cee",
                "sha256:b3197b30ad7720cb1d4de5c27d5e155a44fb11ae4b426ff452f82e4fa1dde82f",
                "sha256:ca7ef94f7a7f4ecf0ada751c267a4d7f58c51730c999f693ac8dee123f3786f4",
                "sha256:cec3eaa8a0067c2ac5cd2692f2679928760e2e7323ffa264973dadbfd193e86f",
                "sha256:d09b564b33c27bea374f8fe5d4c4fb32d259168f5edab9385084fe575c847d75",
                "sha256:d58cd8c5b919d412250e6c4a422b8ab4accc72b76bf08be7fa764eca1c7cd212",
                "sha256:d5ed2220a4e444cc33c72d5239f67d96a628647655d9b83e54b299dc081b2ecb",
                "sha256:d738bcb5c42d98b326c59d9d6bb45ed84ca756713905c55d12dccacc02483e73",
                "sha256:d80ed0455adf0a2d293ecb2f60b9afa3e270b40f7397ed931b8ffafca1ab5889",
                "sha256:dae933429f5cc4935fd274ef13bed9e9c3d212ed8cfbd335ff339832ed5ecd3b",
                "sha256:dd160fac1953b6a05a5cb2ebb5bfe108930d122e84571c8073752a1e328bba88",
                "sha256:deb58c0a15f50d3bf4ddb375ad41246664f5fbe09432bb23718a5f544bf2d70e",
                "sha256:e80679d366d4144858fcf450ca6481670d0ab51df31c957a08351d0ddce7daee",
                "sha256:e9b59ad49a77003bf355ac5cfa1f0d31184044cb5b06b4a24a68f7c06570c43d",
                "sha256:ea1fa44c28f1680a5b1d0fdb312dac611d1ff0ec280bf17929a586e0dffcde71",
                "sha256:f0e4ba04134eb2bfa64cc2a3a502930ee98afd77911a210b0d1ee1de39f37eb4",
                "sha256:f3d55c84600b949372570183caad6cd6a0b4338be87ab6a738c9198ee6ef6da1",
                "sha256:f3e637103d13995e3ce83ccaba1bc5167f171e2716d6d28fbc6f30c40027423e",
                "sha256:f6c9eaa2eb124fb8aae9427de03e595f73fae6d1ac6d1d5cb0e74d187f4f2b67",
                "sha256:facc6ae3f33ccb167307978f2b11f7ef993bbb96f6a79a235a0a7063580ad359",
                "sha256:fd918a91685483d690c52c347a3aba78c566c362e0200597532b0eaacf906bbc"
            ],
            "markers": "python_version >= '2.7' and python_version not in '3.0, 3.1, 3.2, 3.3, 3.4'",
            "version": "==1.13.3rc1"
        },
        "zipp": {
            "hashes": [
                "sha256:71c644c5369f4a6e07636f0aa966270449561fcea2e3d6747b8d23efaa9d7832",
                "sha256:9fe5ea21568a0a70e50f273397638d39b03353731e6cbbb3fd8502a33fec40bc"
            ],
            "markers": "python_version >= '3.6'",
            "version": "==3.6.0"
        }
    },
    "develop": {
        "autopep8": {
            "hashes": [
                "sha256:4d8eec30cc81bc5617dbf1218201d770dc35629363547f17577c61683ccfb3ee"
            ],
            "index": "pypi",
            "version": "==1.4.4"
        },
        "pycodestyle": {
            "hashes": [
                "sha256:720f8b39dde8b293825e7ff02c475f3077124006db4f440dcbc9a20b76548a20",
                "sha256:eddd5847ef438ea1c7870ca7eb78a9d47ce0cdb4851a5523949f2601d0cbbe7f"
            ],
            "markers": "python_version >= '2.7' and python_version not in '3.0, 3.1, 3.2, 3.3, 3.4'",
            "version": "==2.8.0"
        }
    }
}
